
Microsoft Visual Studio Solution File, Format Version 12.00
# Visual Studio Version 17
VisualStudioVersion = 17.1.32421.90
MinimumVisualStudioVersion = 10.0.40219.1
Project("{9A19103F-16F7-4668-BE54-9A1E7A4F7556}") = "TaxCalculator.Api", "TaxCalculator.Api\TaxCalculator.Api.csproj", "{0B4A174D-1C01-4FD1-8243-F6DAFA5C9759}"
EndProject
Project("{9A19103F-16F7-4668-BE54-9A1E7A4F7556}") = "TaxCalculator.Web", "TaxCalculator.Web\TaxCalculator.Web.csproj", "{A346A980-C1AF-416D-9491-66C8EB79A86A}"
EndProject
Project("{FAE04EC0-301F-11D3-BF4B-00C04F79EFBC}") = "TaxCalculator.Models", "TaxCalculator.Models\TaxCalculator.Models.csproj", "{090A051A-4B54-4337-9CCA-4CD166185D40}"
EndProject
Global
	GlobalSection(SolutionConfigurationPlatforms) = preSolution
		Debug|Any CPU = Debug|Any CPU
		Release|Any CPU = Release|Any CPU
	EndGlobalSection
	GlobalSection(ProjectConfigurationPlatforms) = postSolution
		{0B4A174D-1C01-4FD1-8243-F6DAFA5C9759}.Debug|Any CPU.ActiveCfg = Debug|Any CPU
		{0B4A174D-1C01-4FD1-8243-F6DAFA5C9759}.Debug|Any CPU.Build.0 = Debug|Any CPU
		{0B4A174D-1C01-4FD1-8243-F6DAFA5C9759}.Release|Any CPU.ActiveCfg = Release|Any CPU
		{0B4A174D-1C01-4FD1-8243-F6DAFA5C9759}.Release|Any CPU.Build.0 = Release|Any CPU
		{A346A980-C1AF-416D-9491-66C8EB79A86A}.Debug|Any CPU.ActiveCfg = Debug|Any CPU
		{A346A980-C1AF-416D-9491-66C8EB79A86A}.Debug|Any CPU.Build.0 = Debug|Any CPU
		{A346A980-C1AF-416D-9491-66C8EB79A86A}.Release|Any CPU.ActiveCfg = Release|Any CPU
		{A346A980-C1AF-416D-9491-66C8EB79A86A}.Release|Any CPU.Build.0 = Release|Any CPU
		{090A051A-4B54-4337-9CCA-4CD166185D40}.Debug|Any CPU.ActiveCfg = Debug|Any CPU
		{090A051A-4B54-4337-9CCA-4CD166185D40}.Debug|Any CPU.Build.0 = Debug|Any CPU
		{090A051A-4B54-4337-9CCA-4CD166185D40}.Release|Any CPU.ActiveCfg = Release|Any CPU
		{090A051A-4B54-4337-9CCA-4CD166185D40}.Release|Any CPU.Build.0 = Release|Any CPU
	EndGlobalSection
	GlobalSection(SolutionProperties) = preSolution
		HideSolutionNode = FALSE
	EndGlobalSection
	GlobalSection(ExtensibilityGlobals) = postSolution
		SolutionGuid = {D839A32D-82DF-4E93-AF4A-59005279478B}
	EndGlobalSection
EndGlobal
